<?xml version="1.0" encoding="utf-8"?>
<Project ToolsVersion="4.0" xmlns="http://schemas.microsoft.com/developer/msbuild/2003">
  <ItemGroup>
    <Filter Include="Fichiers sources">
      <UniqueIdentifier>{4FC737F1-C7A5-4376-A066-2A32D752A2FF}</UniqueIdentifier>
      <Extensions>cpp;c;cc;cxx;c++;cppm;ixx;def;odl;idl;hpj;bat;asm;asmx</Extensions>
    </Filter>
    <Filter Include="Fichiers d%27en-tête">
      <UniqueIdentifier>{93995380-89BD-4b04-88EB-625FBE52EBFB}</UniqueIdentifier>
      <Extensions>h;hh;hpp;hxx;h++;hm;inl;inc;ipp;xsd</Extensions>
    </Filter>
    <Filter Include="Fichiers de ressources">
      <UniqueIdentifier>{67DA6AB6-F800-4c08-8B7A-83BB121AAD01}</UniqueIdentifier>
      <Extensions>rc;ico;cur;bmp;dlg;rc2;rct;bin;rgs;gif;jpg;jpeg;jpe;resx;tiff;tif;png;wav;mfcribbon-ms</Extensions>
    </Filter>
    <Filter Include="Fichiers sources\parser">
      <UniqueIdentifier>{aeb611a9-746d-499b-9c6f-653a7b7d0cfd}</UniqueIdentifier>
    </Filter>
    <Filter Include="Fichiers sources\ast">
      <UniqueIdentifier>{1d90449f-6066-4052-ba7b-0124c83038f3}</UniqueIdentifier>
    </Filter>
    <Filter Include="Fichiers sources\exception">
      <UniqueIdentifier>{1c93b08f-69b8-4c7d-8835-d598e2307b77}</UniqueIdentifier>
    </Filter>
    <Filter Include="Fichiers sources\ast\visitor">
      <UniqueIdentifier>{0a2dc098-8a6a-4680-85ee-f15f41bcc3e8}</UniqueIdentifier>
    </Filter>
    <Filter Include="Fichiers sources\ast\component">
      <UniqueIdentifier>{4569f215-5680-453c-99d1-68bc8b63a352}</UniqueIdentifier>
    </Filter>
    <Filter Include="Fichiers sources\ast\property">
      <UniqueIdentifier>{6f508981-04d9-4cba-ab7b-b7b638e6010e}</UniqueIdentifier>
    </Filter>
    <Filter Include="Fichiers sources\datatype">
      <UniqueIdentifier>{b23ffea2-357e-4b62-ba7b-7120aa513e28}</UniqueIdentifier>
    </Filter>
    <Filter Include="Fichiers sources\ast\property\date">
      <UniqueIdentifier>{bb7c6203-398f-4f6c-b232-61e718c204ac}</UniqueIdentifier>
    </Filter>
    <Filter Include="Fichiers sources\ast\property\string">
      <UniqueIdentifier>{2c33af84-20fd-484c-83dd-976c6602e38c}</UniqueIdentifier>
    </Filter>
    <Filter Include="Fichiers sources\ast\property\int">
      <UniqueIdentifier>{98884c25-664a-4538-8bba-4deb5890977f}</UniqueIdentifier>
    </Filter>
  </ItemGroup>
  <ItemGroup>
    <ClCompile Include="Parser.ixx">
      <Filter>Fichiers sources\parser</Filter>
    </ClCompile>
    <ClCompile Include="Ast.ixx">
      <Filter>Fichiers sources\ast</Filter>
    </ClCompile>
    <ClCompile Include="main.cpp">
      <Filter>Fichiers sources</Filter>
    </ClCompile>
    <ClCompile Include="ICalParser.cpp">
      <Filter>Fichiers sources\parser</Filter>
    </ClCompile>
    <ClCompile Include="Parser.cpp">
      <Filter>Fichiers sources\parser</Filter>
    </ClCompile>
    <ClCompile Include="ICal.cpp">
      <Filter>Fichiers sources\ast</Filter>
    </ClCompile>
    <ClCompile Include="NodeFactory.cpp">
      <Filter>Fichiers sources\ast</Filter>
    </ClCompile>
    <ClCompile Include="VCalendarParser.cpp">
      <Filter>Fichiers sources\parser</Filter>
    </ClCompile>
    <ClCompile Include="VEventParser.cpp">
      <Filter>Fichiers sources\parser</Filter>
    </ClCompile>
    <ClCompile Include="ComponentParser.cpp">
      <Filter>Fichiers sources\parser</Filter>
    </ClCompile>
    <ClCompile Include="VAlarmParser.cpp">
      <Filter>Fichiers sources\parser</Filter>
    </ClCompile>
    <ClCompile Include="Exception.ixx">
      <Filter>Fichiers sources\exception</Filter>
    </ClCompile>
    <ClCompile Include="UnexpectedEofError.cpp">
      <Filter>Fichiers sources\exception</Filter>
    </ClCompile>
    <ClCompile Include="MissingColonError.cpp">
      <Filter>Fichiers sources\exception</Filter>
    </ClCompile>
    <ClCompile Include="UnexpectedComponentEndError.cpp">
      <Filter>Fichiers sources\exception</Filter>
    </ClCompile>
    <ClCompile Include="XmlVisitor.cpp">
      <Filter>Fichiers sources\ast\visitor</Filter>
    </ClCompile>
    <ClCompile Include="VJournalParser.cpp">
      <Filter>Fichiers sources\parser</Filter>
    </ClCompile>
    <ClCompile Include="Component.cpp">
      <Filter>Fichiers sources\ast\component</Filter>
    </ClCompile>
    <ClCompile Include="VJournal.cpp">
      <Filter>Fichiers sources\ast\component</Filter>
    </ClCompile>
    <ClCompile Include="VEvent.cpp">
      <Filter>Fichiers sources\ast\component</Filter>
    </ClCompile>
    <ClCompile Include="VCalendar.cpp">
      <Filter>Fichiers sources\ast\component</Filter>
    </ClCompile>
    <ClCompile Include="VAlarm.cpp">
      <Filter>Fichiers sources\ast\component</Filter>
    </ClCompile>
    <ClCompile Include="Datatype.ixx">
      <Filter>Fichiers sources\datatype</Filter>
    </ClCompile>
    <ClCompile Include="Date.cpp">
      <Filter>Fichiers sources\datatype</Filter>
    </ClCompile>
    <ClCompile Include="PropertyCreated.cpp">
      <Filter>Fichiers sources\ast\property\date</Filter>
    </ClCompile>
    <ClCompile Include="PropertyDate.cpp">
      <Filter>Fichiers sources\ast\property\date</Filter>
    </ClCompile>
    <ClCompile Include="PropertyDtEnd.cpp">
      <Filter>Fichiers sources\ast\property\date</Filter>
    </ClCompile>
    <ClCompile Include="PropertyDtStamp.cpp">
      <Filter>Fichiers sources\ast\property\date</Filter>
    </ClCompile>
    <ClCompile Include="PropertyDtStart.cpp">
      <Filter>Fichiers sources\ast\property\date</Filter>
    </ClCompile>
    <ClCompile Include="PropertyLastModified.cpp">
      <Filter>Fichiers sources\ast\property\date</Filter>
    </ClCompile>
    <ClCompile Include="PropertyDescription.cpp">
      <Filter>Fichiers sources\ast\property\string</Filter>
    </ClCompile>
    <ClCompile Include="PropertyString.cpp">
      <Filter>Fichiers sources\ast\property\string</Filter>
    </ClCompile>
    <ClCompile Include="PropertyInt.cpp">
      <Filter>Fichiers sources\ast\property\int</Filter>
    </ClCompile>
    <ClCompile Include="PropertySequence.cpp">
      <Filter>Fichiers sources\ast\property\int</Filter>
    </ClCompile>
    <ClCompile Include="PropertyLocation.cpp">
      <Filter>Fichiers sources\ast\property\string</Filter>
    </ClCompile>
    <ClCompile Include="PropertyUid.cpp">
      <Filter>Fichiers sources\ast\property\string</Filter>
    </ClCompile>
    <ClCompile Include="PropertySummary.cpp">
      <Filter>Fichiers sources\ast\property\string</Filter>
    </ClCompile>
    <ClCompile Include="PropertyMethod.cpp">
      <Filter>Fichiers sources\ast\property\string</Filter>
    </ClCompile>
    <ClCompile Include="PropertyProdId.cpp">
      <Filter>Fichiers sources\ast\property\string</Filter>
    </ClCompile>
    <ClCompile Include="PropertyVersion.cpp">
      <Filter>Fichiers sources\ast\property\string</Filter>
    </ClCompile>
    <ClCompile Include="PropertyCalScale.cpp">
      <Filter>Fichiers sources\ast\property\string</Filter>
    </ClCompile>
    <ClCompile Include="UnknownPropertyError.cpp">
      <Filter>Fichiers sources\exception</Filter>
    </ClCompile>
  </ItemGroup>
</Project>